
Microsoft Visual Studio Solution File, Format Version 12.00
# Visual Studio Version 17
VisualStudioVersion = 17.14.36109.1 d17.14
MinimumVisualStudioVersion = 10.0.40219.1
Project("{FAE04EC0-301F-11D3-BF4B-00C04F79EFBC}") = "CapaPresentacion", "CapaPresentacion\CapaPresentacion.csproj", "{EBD3930B-E888-42A8-9980-5E3619E1980A}"
EndProject
Project("{FAE04EC0-301F-11D3-BF4B-00C04F79EFBC}") = "CapaDatos", "CapaDatos\CapaDatos.csproj", "{54B58119-7152-4838-9A0B-42E25E6AB891}"
EndProject
Project("{FAE04EC0-301F-11D3-BF4B-00C04F79EFBC}") = "CapaLogica", "CapaLogica\CapaLogica.csproj", "{67EAFAEB-1C19-431B-80D2-0070B58375F2}"
EndProject
Project("{FAE04EC0-301F-11D3-BF4B-00C04F79EFBC}") = "CapaSeguridad", "CapaSeguridad\CapaSeguridad.csproj", "{BB8543A0-8E49-4357-80F6-5D74E9D9687E}"
EndProject
Global
	GlobalSection(SolutionConfigurationPlatforms) = preSolution
		Debug|Any CPU = Debug|Any CPU
		Release|Any CPU = Release|Any CPU
	EndGlobalSection
	GlobalSection(ProjectConfigurationPlatforms) = postSolution
		{EBD3930B-E888-42A8-9980-5E3619E1980A}.Debug|Any CPU.ActiveCfg = Debug|Any CPU
		{EBD3930B-E888-42A8-9980-5E3619E1980A}.Debug|Any CPU.Build.0 = Debug|Any CPU
		{EBD3930B-E888-42A8-9980-5E3619E1980A}.Release|Any CPU.ActiveCfg = Release|Any CPU
		{EBD3930B-E888-42A8-9980-5E3619E1980A}.Release|Any CPU.Build.0 = Release|Any CPU
		{54B58119-7152-4838-9A0B-42E25E6AB891}.Debug|Any CPU.ActiveCfg = Debug|Any CPU
		{54B58119-7152-4838-9A0B-42E25E6AB891}.Debug|Any CPU.Build.0 = Debug|Any CPU
		{54B58119-7152-4838-9A0B-42E25E6AB891}.Release|Any CPU.ActiveCfg = Release|Any CPU
		{54B58119-7152-4838-9A0B-42E25E6AB891}.Release|Any CPU.Build.0 = Release|Any CPU
		{67EAFAEB-1C19-431B-80D2-0070B58375F2}.Debug|Any CPU.ActiveCfg = Debug|Any CPU
		{67EAFAEB-1C19-431B-80D2-0070B58375F2}.Debug|Any CPU.Build.0 = Debug|Any CPU
		{67EAFAEB-1C19-431B-80D2-0070B58375F2}.Release|Any CPU.ActiveCfg = Release|Any CPU
		{67EAFAEB-1C19-431B-80D2-0070B58375F2}.Release|Any CPU.Build.0 = Release|Any CPU
		{BB8543A0-8E49-4357-80F6-5D74E9D9687E}.Debug|Any CPU.ActiveCfg = Debug|Any CPU
		{BB8543A0-8E49-4357-80F6-5D74E9D9687E}.Debug|Any CPU.Build.0 = Debug|Any CPU
		{BB8543A0-8E49-4357-80F6-5D74E9D9687E}.Release|Any CPU.ActiveCfg = Release|Any CPU
		{BB8543A0-8E49-4357-80F6-5D74E9D9687E}.Release|Any CPU.Build.0 = Release|Any CPU
	EndGlobalSection
	GlobalSection(SolutionProperties) = preSolution
		HideSolutionNode = FALSE
	EndGlobalSection
	GlobalSection(ExtensibilityGlobals) = postSolution
		SolutionGuid = {BE53C5C4-06AD-4465-A8C6-AAEB3AF1655B}
	EndGlobalSection
EndGlobal
